Microsoft Visual Studio Solution File, Format Version 11.00
# Visual Studio 2008

Project("{D8C106FA-86BD-C6A5-289C-4F76630B67CE}") = "SiegeDefenseCode", "Assembly-CSharp-firstpass.csproj", "{646AF5DD-A139-506A-7B4C-8FE0C6D07B4B}"
EndProject
Project("{D8C106FA-86BD-C6A5-289C-4F76630B67CE}") = "SiegeDefenseCode", "Assembly-CSharp.csproj", "{A41A2D2C-F86C-9360-70EE-E458DFE76238}"
EndProject
Project("{D8C106FA-86BD-C6A5-289C-4F76630B67CE}") = "SiegeDefenseCode", "Assembly-UnityScript-firstpass.unityproj", "{3EA88717-17D6-A569-509A-934C49355292}"
EndProject
Project("{D8C106FA-86BD-C6A5-289C-4F76630B67CE}") = "SiegeDefenseCode", "Assembly-UnityScript.unityproj", "{ED6DED4F-A86A-8853-4FE4-843BCB8BC4EB}"
EndProject
Global
	GlobalSection(SolutionConfigurationPlatforms) = preSolution
		Debug|Any CPU = Debug|Any CPU
		Release|Any CPU = Release|Any CPU
	EndGlobalSection
	GlobalSection(ProjectConfigurationPlatforms) = postSolution
		{646AF5DD-A139-506A-7B4C-8FE0C6D07B4B}.Debug|Any CPU.ActiveCfg = Debug|Any CPU
		{646AF5DD-A139-506A-7B4C-8FE0C6D07B4B}.Debug|Any CPU.Build.0 = Debug|Any CPU
		{646AF5DD-A139-506A-7B4C-8FE0C6D07B4B}.Release|Any CPU.ActiveCfg = Release|Any CPU
		{646AF5DD-A139-506A-7B4C-8FE0C6D07B4B}.Release|Any CPU.Build.0 = Release|Any CPU
		{A41A2D2C-F86C-9360-70EE-E458DFE76238}.Debug|Any CPU.ActiveCfg = Debug|Any CPU
		{A41A2D2C-F86C-9360-70EE-E458DFE76238}.Debug|Any CPU.Build.0 = Debug|Any CPU
		{A41A2D2C-F86C-9360-70EE-E458DFE76238}.Release|Any CPU.ActiveCfg = Release|Any CPU
		{A41A2D2C-F86C-9360-70EE-E458DFE76238}.Release|Any CPU.Build.0 = Release|Any CPU
		{3EA88717-17D6-A569-509A-934C49355292}.Debug|Any CPU.ActiveCfg = Debug|Any CPU
		{3EA88717-17D6-A569-509A-934C49355292}.Debug|Any CPU.Build.0 = Debug|Any CPU
		{3EA88717-17D6-A569-509A-934C49355292}.Release|Any CPU.ActiveCfg = Release|Any CPU
		{3EA88717-17D6-A569-509A-934C49355292}.Release|Any CPU.Build.0 = Release|Any CPU
		{ED6DED4F-A86A-8853-4FE4-843BCB8BC4EB}.Debug|Any CPU.ActiveCfg = Debug|Any CPU
		{ED6DED4F-A86A-8853-4FE4-843BCB8BC4EB}.Debug|Any CPU.Build.0 = Debug|Any CPU
		{ED6DED4F-A86A-8853-4FE4-843BCB8BC4EB}.Release|Any CPU.ActiveCfg = Release|Any CPU
		{ED6DED4F-A86A-8853-4FE4-843BCB8BC4EB}.Release|Any CPU.Build.0 = Release|Any CPU
	EndGlobalSection
	GlobalSection(SolutionProperties) = preSolution
		HideSolutionNode = FALSE
	EndGlobalSection
																													GlobalSection(MonoDevelopProperties) = preSolution
=======
																		GlobalSection(MonoDevelopProperties) = preSolution
>>>>>>> 891c0edd9edb2835c8baea435eeed5e5713f3028
		StartupItem = Assembly-CSharp.csproj
		Policies = $0
		$0.TextStylePolicy = $1
		$1.inheritsSet = null
		$1.scope = text/x-csharp
		$0.CSharpFormattingPolicy = $2
		$2.inheritsSet = Mono
		$2.inheritsScope = text/x-csharp
		$2.scope = text/x-csharp
		$0.TextStylePolicy = $3
		$3.FileWidth = 120
		$3.TabWidth = 4
		$3.EolMarker = Unix
		$3.inheritsSet = Mono
		$3.inheritsScope = text/plain
		$3.scope = text/plain
	EndGlobalSection

EndGlobal
